
Microsoft Visual Studio Solution File, Format Version 10.00
# Visual Studio 2008
Project("{FAE04EC0-301F-11D3-BF4B-00C04F79EFBC}") = "Mubble.Indexing", "Mubble.Indexing\Mubble.Indexing.csproj", "{BC69023D-0258-4DB4-AF84-5A28070C9DA9}"
EndProject
Project("{FAE04EC0-301F-11D3-BF4B-00C04F79EFBC}") = "Tests", "MubbleTest\Tests.csproj", "{D4647B4D-7E86-4E1E-9620-78B78CA2D9BF}"
EndProject
Global
	GlobalSection(SolutionConfigurationPlatforms) = preSolution
		Debug|Any CPU = Debug|Any CPU
		Release|Any CPU = Release|Any CPU
	EndGlobalSection
	GlobalSection(ProjectConfigurationPlatforms) = postSolution
		{BC69023D-0258-4DB4-AF84-5A28070C9DA9}.Debug|Any CPU.ActiveCfg = Debug|Any CPU
		{BC69023D-0258-4DB4-AF84-5A28070C9DA9}.Debug|Any CPU.Build.0 = Debug|Any CPU
		{BC69023D-0258-4DB4-AF84-5A28070C9DA9}.Release|Any CPU.ActiveCfg = Release|Any CPU
		{BC69023D-0258-4DB4-AF84-5A28070C9DA9}.Release|Any CPU.Build.0 = Release|Any CPU
		{D4647B4D-7E86-4E1E-9620-78B78CA2D9BF}.Debug|Any CPU.ActiveCfg = Debug|Any CPU
		{D4647B4D-7E86-4E1E-9620-78B78CA2D9BF}.Debug|Any CPU.Build.0 = Debug|Any CPU
		{D4647B4D-7E86-4E1E-9620-78B78CA2D9BF}.Release|Any CPU.ActiveCfg = Release|Any CPU
		{D4647B4D-7E86-4E1E-9620-78B78CA2D9BF}.Release|Any CPU.Build.0 = Release|Any CPU
	EndGlobalSection
	GlobalSection(SolutionProperties) = preSolution
		HideSolutionNode = FALSE
	EndGlobalSection
EndGlobal
