Microsoft Visual Studio Solution File, Format Version 10.00
# Visual Studio 2008
Project("{E24C65DC-7377-472B-9ABA-BC803B73C61A}") = "mubble", "http://localhost/mubble", "{AFCA8720-9469-4836-9EF8-68B0CD6A6EE1}"
	ProjectSection(WebsiteProperties) = preProject
		TargetFramework = "2.0"
		ProjectReferences = "{B262DF37-2B80-4093-917A-A5BDBE187F28}|Mubble.Models.dll;{20071B99-6E91-44E1-B76B-B9761B0C4381}|MubbleCore.dll;{94CAC6A3-3FBA-459B-A26A-03AA1664C0D1}|Mubble.MessageQueue.dll;"
		Debug.AspNetCompiler.VirtualPath = "/mubble"
		Debug.AspNetCompiler.PhysicalPath = "web\"
		Debug.AspNetCompiler.TargetPath = "PrecompiledWeb\mubble\"
		Debug.AspNetCompiler.Updateable = "true"
		Debug.AspNetCompiler.ForceOverwrite = "true"
		Debug.AspNetCompiler.FixedNames = "false"
		Debug.AspNetCompiler.Debug = "True"
		Release.AspNetCompiler.VirtualPath = "/mubble"
		Release.AspNetCompiler.PhysicalPath = "web\"
		Release.AspNetCompiler.TargetPath = "PrecompiledWeb\mubble\"
		Release.AspNetCompiler.Updateable = "true"
		Release.AspNetCompiler.ForceOverwrite = "true"
		Release.AspNetCompiler.FixedNames = "false"
		Release.AspNetCompiler.Debug = "False"
		SlnRelativePath = "web\"
	EndProjectSection
EndProject
Project("{FAE04EC0-301F-11D3-BF4B-00C04F79EFBC}") = "Models", "Models\Models.csproj", "{B262DF37-2B80-4093-917A-A5BDBE187F28}"
EndProject
Project("{FAE04EC0-301F-11D3-BF4B-00C04F79EFBC}") = "MubbleCore", "MubbleCore\MubbleCore.csproj", "{20071B99-6E91-44E1-B76B-B9761B0C4381}"
EndProject
Project("{FAE04EC0-301F-11D3-BF4B-00C04F79EFBC}") = "MessageQueue", "MessageQueue\MessageQueue.csproj", "{94CAC6A3-3FBA-459B-A26A-03AA1664C0D1}"
EndProject
Global
	GlobalSection(SolutionConfigurationPlatforms) = preSolution
		Debug|.NET = Debug|.NET
		Debug|Any CPU = Debug|Any CPU
		Debug|Mixed platforms = Debug|Mixed platforms
		Release|.NET = Release|.NET
		Release|Any CPU = Release|Any CPU
		Release|Mixed platforms = Release|Mixed platforms
		Test|.NET = Test|.NET
		Test|Any CPU = Test|Any CPU
		Test|Mixed platforms = Test|Mixed platforms
	EndGlobalSection
	GlobalSection(ProjectConfigurationPlatforms) = postSolution
		{AFCA8720-9469-4836-9EF8-68B0CD6A6EE1}.Debug|.NET.ActiveCfg = Debug|.NET
		{AFCA8720-9469-4836-9EF8-68B0CD6A6EE1}.Debug|.NET.Build.0 = Debug|.NET
		{AFCA8720-9469-4836-9EF8-68B0CD6A6EE1}.Debug|Any CPU.ActiveCfg = Debug|.NET
		{AFCA8720-9469-4836-9EF8-68B0CD6A6EE1}.Debug|Mixed platforms.ActiveCfg = Debug|.NET
		{AFCA8720-9469-4836-9EF8-68B0CD6A6EE1}.Debug|Mixed platforms.Build.0 = Debug|.NET
		{AFCA8720-9469-4836-9EF8-68B0CD6A6EE1}.Release|.NET.ActiveCfg = Debug|.NET
		{AFCA8720-9469-4836-9EF8-68B0CD6A6EE1}.Release|.NET.Build.0 = Debug|.NET
		{AFCA8720-9469-4836-9EF8-68B0CD6A6EE1}.Release|Any CPU.ActiveCfg = Debug|.NET
		{AFCA8720-9469-4836-9EF8-68B0CD6A6EE1}.Release|Mixed platforms.ActiveCfg = Debug|.NET
		{AFCA8720-9469-4836-9EF8-68B0CD6A6EE1}.Release|Mixed platforms.Build.0 = Debug|.NET
		{AFCA8720-9469-4836-9EF8-68B0CD6A6EE1}.Test|.NET.ActiveCfg = Debug|.NET
		{AFCA8720-9469-4836-9EF8-68B0CD6A6EE1}.Test|.NET.Build.0 = Debug|.NET
		{AFCA8720-9469-4836-9EF8-68B0CD6A6EE1}.Test|Any CPU.ActiveCfg = Debug|.NET
		{AFCA8720-9469-4836-9EF8-68B0CD6A6EE1}.Test|Mixed platforms.ActiveCfg = Debug|.NET
		{AFCA8720-9469-4836-9EF8-68B0CD6A6EE1}.Test|Mixed platforms.Build.0 = Debug|.NET
		{B262DF37-2B80-4093-917A-A5BDBE187F28}.Debug|.NET.ActiveCfg = Debug|Any CPU
		{B262DF37-2B80-4093-917A-A5BDBE187F28}.Debug|Any CPU.ActiveCfg = Debug|Any CPU
		{B262DF37-2B80-4093-917A-A5BDBE187F28}.Debug|Any CPU.Build.0 = Debug|Any CPU
		{B262DF37-2B80-4093-917A-A5BDBE187F28}.Debug|Mixed platforms.ActiveCfg = Debug|Any CPU
		{B262DF37-2B80-4093-917A-A5BDBE187F28}.Debug|Mixed platforms.Build.0 = Debug|Any CPU
		{B262DF37-2B80-4093-917A-A5BDBE187F28}.Release|.NET.ActiveCfg = Release|Any CPU
		{B262DF37-2B80-4093-917A-A5BDBE187F28}.Release|Any CPU.ActiveCfg = Release|Any CPU
		{B262DF37-2B80-4093-917A-A5BDBE187F28}.Release|Any CPU.Build.0 = Release|Any CPU
		{B262DF37-2B80-4093-917A-A5BDBE187F28}.Release|Mixed platforms.ActiveCfg = Release|Any CPU
		{B262DF37-2B80-4093-917A-A5BDBE187F28}.Release|Mixed platforms.Build.0 = Release|Any CPU
		{B262DF37-2B80-4093-917A-A5BDBE187F28}.Test|.NET.ActiveCfg = Test|Any CPU
		{B262DF37-2B80-4093-917A-A5BDBE187F28}.Test|Any CPU.ActiveCfg = Test|Any CPU
		{B262DF37-2B80-4093-917A-A5BDBE187F28}.Test|Any CPU.Build.0 = Test|Any CPU
		{B262DF37-2B80-4093-917A-A5BDBE187F28}.Test|Mixed platforms.ActiveCfg = Test|Any CPU
		{B262DF37-2B80-4093-917A-A5BDBE187F28}.Test|Mixed platforms.Build.0 = Test|Any CPU
		{20071B99-6E91-44E1-B76B-B9761B0C4381}.Debug|.NET.ActiveCfg = Debug|Any CPU
		{20071B99-6E91-44E1-B76B-B9761B0C4381}.Debug|Any CPU.ActiveCfg = Debug|Any CPU
		{20071B99-6E91-44E1-B76B-B9761B0C4381}.Debug|Any CPU.Build.0 = Debug|Any CPU
		{20071B99-6E91-44E1-B76B-B9761B0C4381}.Debug|Mixed platforms.ActiveCfg = Debug|Any CPU
		{20071B99-6E91-44E1-B76B-B9761B0C4381}.Debug|Mixed platforms.Build.0 = Debug|Any CPU
		{20071B99-6E91-44E1-B76B-B9761B0C4381}.Release|.NET.ActiveCfg = Release|Any CPU
		{20071B99-6E91-44E1-B76B-B9761B0C4381}.Release|Any CPU.ActiveCfg = Release|Any CPU
		{20071B99-6E91-44E1-B76B-B9761B0C4381}.Release|Any CPU.Build.0 = Release|Any CPU
		{20071B99-6E91-44E1-B76B-B9761B0C4381}.Release|Mixed platforms.ActiveCfg = Release|Any CPU
		{20071B99-6E91-44E1-B76B-B9761B0C4381}.Release|Mixed platforms.Build.0 = Release|Any CPU
		{20071B99-6E91-44E1-B76B-B9761B0C4381}.Test|.NET.ActiveCfg = Test|Any CPU
		{20071B99-6E91-44E1-B76B-B9761B0C4381}.Test|Any CPU.ActiveCfg = Test|Any CPU
		{20071B99-6E91-44E1-B76B-B9761B0C4381}.Test|Any CPU.Build.0 = Test|Any CPU
		{20071B99-6E91-44E1-B76B-B9761B0C4381}.Test|Mixed platforms.ActiveCfg = Test|Any CPU
		{20071B99-6E91-44E1-B76B-B9761B0C4381}.Test|Mixed platforms.Build.0 = Test|Any CPU
		{94CAC6A3-3FBA-459B-A26A-03AA1664C0D1}.Debug|.NET.ActiveCfg = Debug|Any CPU
		{94CAC6A3-3FBA-459B-A26A-03AA1664C0D1}.Debug|Any CPU.ActiveCfg = Debug|Any CPU
		{94CAC6A3-3FBA-459B-A26A-03AA1664C0D1}.Debug|Any CPU.Build.0 = Debug|Any CPU
		{94CAC6A3-3FBA-459B-A26A-03AA1664C0D1}.Debug|Mixed platforms.ActiveCfg = Debug|Any CPU
		{94CAC6A3-3FBA-459B-A26A-03AA1664C0D1}.Debug|Mixed platforms.Build.0 = Debug|Any CPU
		{94CAC6A3-3FBA-459B-A26A-03AA1664C0D1}.Release|.NET.ActiveCfg = Release|Any CPU
		{94CAC6A3-3FBA-459B-A26A-03AA1664C0D1}.Release|Any CPU.ActiveCfg = Release|Any CPU
		{94CAC6A3-3FBA-459B-A26A-03AA1664C0D1}.Release|Any CPU.Build.0 = Release|Any CPU
		{94CAC6A3-3FBA-459B-A26A-03AA1664C0D1}.Release|Mixed platforms.ActiveCfg = Release|Any CPU
		{94CAC6A3-3FBA-459B-A26A-03AA1664C0D1}.Release|Mixed platforms.Build.0 = Release|Any CPU
		{94CAC6A3-3FBA-459B-A26A-03AA1664C0D1}.Test|.NET.ActiveCfg = Release|Any CPU
		{94CAC6A3-3FBA-459B-A26A-03AA1664C0D1}.Test|Any CPU.ActiveCfg = Release|Any CPU
		{94CAC6A3-3FBA-459B-A26A-03AA1664C0D1}.Test|Any CPU.Build.0 = Release|Any CPU
		{94CAC6A3-3FBA-459B-A26A-03AA1664C0D1}.Test|Mixed platforms.ActiveCfg = Release|Any CPU
		{94CAC6A3-3FBA-459B-A26A-03AA1664C0D1}.Test|Mixed platforms.Build.0 = Release|Any CPU
	EndGlobalSection
	GlobalSection(SolutionProperties) = preSolution
		HideSolutionNode = FALSE
	EndGlobalSection
EndGlobal
